
Microsoft Visual Studio Solution File, Format Version 12.00
# Visual Studio Version 16
VisualStudioVersion = 16.0.34031.81
MinimumVisualStudioVersion = 10.0.40219.1
Project("{2150E333-8FDC-42A3-9474-1A3956D46DE8}") = "Task0", "Task0", "{4E015F21-C70D-45E9-82E4-3FA243033514}"
EndProject
Project("{FAE04EC0-301F-11D3-BF4B-00C04F79EFBC}") = "Tyuiu.SavitskyDA.Sprint4.Task0.V17", "Tyuiu.SavitskyDA.Sprint4.Task0.V17\Tyuiu.SavitskyDA.Sprint4.Task0.V17.csproj", "{209B5974-B2CD-40B7-B9A5-8FE7939FA3C8}"
EndProject
Project("{FAE04EC0-301F-11D3-BF4B-00C04F79EFBC}") = "Tyuiu.SavitskyDA.Sprint4.Task0.V17.Lib", "Tyuiu.SavitskyDA.Sprint4.Task0.V17.Lib\Tyuiu.SavitskyDA.Sprint4.Task0.V17.Lib.csproj", "{689A6FB3-98F2-4E86-9532-CCB1EFEE5392}"
EndProject
Project("{FAE04EC0-301F-11D3-BF4B-00C04F79EFBC}") = "Tyuiu.SavitskyDA.Sprint4.Task0.V17.Test", "Tyuiu.SavitskyDA.Sprint4.Task0.V17.Test\Tyuiu.SavitskyDA.Sprint4.Task0.V17.Test.csproj", "{3DF3B7FC-460D-43C3-96D5-8E9808E25AD0}"
EndProject
Global
	GlobalSection(SolutionConfigurationPlatforms) = preSolution
		Debug|Any CPU = Debug|Any CPU
		Release|Any CPU = Release|Any CPU
	EndGlobalSection
	GlobalSection(ProjectConfigurationPlatforms) = postSolution
		{209B5974-B2CD-40B7-B9A5-8FE7939FA3C8}.Debug|Any CPU.ActiveCfg = Debug|Any CPU
		{209B5974-B2CD-40B7-B9A5-8FE7939FA3C8}.Debug|Any CPU.Build.0 = Debug|Any CPU
		{209B5974-B2CD-40B7-B9A5-8FE7939FA3C8}.Release|Any CPU.ActiveCfg = Release|Any CPU
		{209B5974-B2CD-40B7-B9A5-8FE7939FA3C8}.Release|Any CPU.Build.0 = Release|Any CPU
		{689A6FB3-98F2-4E86-9532-CCB1EFEE5392}.Debug|Any CPU.ActiveCfg = Debug|Any CPU
		{689A6FB3-98F2-4E86-9532-CCB1EFEE5392}.Debug|Any CPU.Build.0 = Debug|Any CPU
		{689A6FB3-98F2-4E86-9532-CCB1EFEE5392}.Release|Any CPU.ActiveCfg = Release|Any CPU
		{689A6FB3-98F2-4E86-9532-CCB1EFEE5392}.Release|Any CPU.Build.0 = Release|Any CPU
		{3DF3B7FC-460D-43C3-96D5-8E9808E25AD0}.Debug|Any CPU.ActiveCfg = Debug|Any CPU
		{3DF3B7FC-460D-43C3-96D5-8E9808E25AD0}.Debug|Any CPU.Build.0 = Debug|Any CPU
		{3DF3B7FC-460D-43C3-96D5-8E9808E25AD0}.Release|Any CPU.ActiveCfg = Release|Any CPU
		{3DF3B7FC-460D-43C3-96D5-8E9808E25AD0}.Release|Any CPU.Build.0 = Release|Any CPU
	EndGlobalSection
	GlobalSection(SolutionProperties) = preSolution
		HideSolutionNode = FALSE
	EndGlobalSection
	GlobalSection(NestedProjects) = preSolution
		{209B5974-B2CD-40B7-B9A5-8FE7939FA3C8} = {4E015F21-C70D-45E9-82E4-3FA243033514}
		{689A6FB3-98F2-4E86-9532-CCB1EFEE5392} = {4E015F21-C70D-45E9-82E4-3FA243033514}
		{3DF3B7FC-460D-43C3-96D5-8E9808E25AD0} = {4E015F21-C70D-45E9-82E4-3FA243033514}
	EndGlobalSection
	GlobalSection(ExtensibilityGlobals) = postSolution
		SolutionGuid = {9321BFDC-FB45-4103-B77B-C6E36B700138}
	EndGlobalSection
EndGlobal
