
Microsoft Visual Studio Solution File, Format Version 12.00
# Visual Studio Version 16
VisualStudioVersion = 16.0.34031.81
MinimumVisualStudioVersion = 10.0.40219.1
Project("{2150E333-8FDC-42A3-9474-1A3956D46DE8}") = "Task0", "Task0", "{4E015F21-C70D-45E9-82E4-3FA243033514}"
EndProject
Project("{FAE04EC0-301F-11D3-BF4B-00C04F79EFBC}") = "Tyuiu.SavitskyDA.Sprint4.Task0.V17", "Tyuiu.SavitskyDA.Sprint4.Task0.V17\Tyuiu.SavitskyDA.Sprint4.Task0.V17.csproj", "{209B5974-B2CD-40B7-B9A5-8FE7939FA3C8}"
EndProject
Project("{FAE04EC0-301F-11D3-BF4B-00C04F79EFBC}") = "Tyuiu.SavitskyDA.Sprint4.Task0.V17.Lib", "Tyuiu.SavitskyDA.Sprint4.Task0.V17.Lib\Tyuiu.SavitskyDA.Sprint4.Task0.V17.Lib.csproj", "{689A6FB3-98F2-4E86-9532-CCB1EFEE5392}"
EndProject
Project("{FAE04EC0-301F-11D3-BF4B-00C04F79EFBC}") = "Tyuiu.SavitskyDA.Sprint4.Task0.V17.Test", "Tyuiu.SavitskyDA.Sprint4.Task0.V17.Test\Tyuiu.SavitskyDA.Sprint4.Task0.V17.Test.csproj", "{3DF3B7FC-460D-43C3-96D5-8E9808E25AD0}"
EndProject
Project("{2150E333-8FDC-42A3-9474-1A3956D46DE8}") = "Task1", "Task1", "{879ABCFB-FCDD-46BC-A8BE-668F6C9E666D}"
EndProject
Project("{FAE04EC0-301F-11D3-BF4B-00C04F79EFBC}") = "Tyuiu.SavitskyDA.Sprint4.Task1.V2", "Tyuiu.SavitskyDA.Sprint4.Task1.V2\Tyuiu.SavitskyDA.Sprint4.Task1.V2.csproj", "{B71C09EE-CE3A-4C27-9699-69A54343CD3B}"
EndProject
Project("{FAE04EC0-301F-11D3-BF4B-00C04F79EFBC}") = "Tyuiu.SavitskyDA.Sprint4.Task1.V2.Lib", "Tyuiu.SavitskyDA.Sprint4.Task1.V2.Lib\Tyuiu.SavitskyDA.Sprint4.Task1.V2.Lib.csproj", "{FF9991D7-8EE5-474E-84B0-07FE421CDDFB}"
EndProject
Project("{FAE04EC0-301F-11D3-BF4B-00C04F79EFBC}") = "Tyuiu.SavitskyDA.Sprint4.Task1.V2.Test", "Tyuiu.SavitskyDA.Sprint4.Task1.V2.Test\Tyuiu.SavitskyDA.Sprint4.Task1.V2.Test.csproj", "{1B1E59E0-8C5A-4A8D-B49F-2CA6A81F74BF}"
EndProject
Project("{2150E333-8FDC-42A3-9474-1A3956D46DE8}") = "Task2", "Task2", "{6074EE72-C1CA-4E15-A945-5E214E1FC3BA}"
EndProject
Project("{FAE04EC0-301F-11D3-BF4B-00C04F79EFBC}") = "Tyuiu.SavitskyDA.Sprint4.Task2.V16", "Tyuiu.SavitskyDA.Sprint4.Task2.V16\Tyuiu.SavitskyDA.Sprint4.Task2.V16.csproj", "{72CFD8ED-DFC6-4E9B-9984-44643BF74BA4}"
EndProject
Project("{FAE04EC0-301F-11D3-BF4B-00C04F79EFBC}") = "Tyuiu.SavitskyDA.Sprint4.Task2.V16.Lib", "Tyuiu.SavitskyDA.Sprint4.Task2.V16.Lib\Tyuiu.SavitskyDA.Sprint4.Task2.V16.Lib.csproj", "{6A21C180-4E92-425E-AF42-0E4A6B48F5E2}"
EndProject
Project("{FAE04EC0-301F-11D3-BF4B-00C04F79EFBC}") = "Tyuiu.SavitskyDA.Sprint4.Task2.V16.Test", "Tyuiu.SavitskyDA.Sprint4.Task2.V16.Test\Tyuiu.SavitskyDA.Sprint4.Task2.V16.Test.csproj", "{5024D001-D6C1-4FBE-A073-B594DE74021D}"
EndProject
Project("{2150E333-8FDC-42A3-9474-1A3956D46DE8}") = "Task3", "Task3", "{B2D1472A-7668-498A-A416-0B4CBD7907E7}"
EndProject
Project("{FAE04EC0-301F-11D3-BF4B-00C04F79EFBC}") = "Tyuiu.SavitskyDA.Sprint4.Task3.V10", "Tyuiu.SavitskyDA.Sprint4.Task3.V10\Tyuiu.SavitskyDA.Sprint4.Task3.V10.csproj", "{55CDB41F-27DA-48EE-93FB-957BB6ED00F8}"
EndProject
Project("{FAE04EC0-301F-11D3-BF4B-00C04F79EFBC}") = "Tyuiu.SavitskyDA.Sprint4.Task3.V10.Lib", "Tyuiu.SavitskyDA.Sprint4.Task3.V10.Lib\Tyuiu.SavitskyDA.Sprint4.Task3.V10.Lib.csproj", "{BD43EF98-2E67-4CB2-8150-002A3FE74B16}"
EndProject
Project("{FAE04EC0-301F-11D3-BF4B-00C04F79EFBC}") = "Tyuiu.SavitskyDA.Sprint4.Task3.V10.Test", "Tyuiu.SavitskyDA.Sprint4.Task3.V10.Test\Tyuiu.SavitskyDA.Sprint4.Task3.V10.Test.csproj", "{058EBE8E-3B59-4679-A8CB-F35BC23BA6F3}"
EndProject
Project("{2150E333-8FDC-42A3-9474-1A3956D46DE8}") = "Task4", "Task4", "{FA9B20F2-B37C-4BDD-850E-71A7C589FCC8}"
EndProject
Project("{FAE04EC0-301F-11D3-BF4B-00C04F79EFBC}") = "Tyuiu.SavitskyDA.Sprint4.Task4.V3", "Tyuiu.SavitskyDA.Sprint4.Task4.V3\Tyuiu.SavitskyDA.Sprint4.Task4.V3.csproj", "{E879529F-6B28-41E3-9812-0D9F72DB2661}"
EndProject
Project("{FAE04EC0-301F-11D3-BF4B-00C04F79EFBC}") = "Tyuiu.SavitskyDA.Sprint4.Task4.V3.Lib", "Tyuiu.SavitskyDA.Sprint4.Task4.V3.Lib\Tyuiu.SavitskyDA.Sprint4.Task4.V3.Lib.csproj", "{FB8379BB-C869-4FC6-BE05-7E006B1227E9}"
EndProject
Project("{FAE04EC0-301F-11D3-BF4B-00C04F79EFBC}") = "Tyuiu.SavitskyDA.Sprint4.Task4.V3.Test", "Tyuiu.SavitskyDA.Sprint4.Task4.V3.Test\Tyuiu.SavitskyDA.Sprint4.Task4.V3.Test.csproj", "{89BFE66C-9D31-444A-807D-A8385F6F8907}"
EndProject
Global
	GlobalSection(SolutionConfigurationPlatforms) = preSolution
		Debug|Any CPU = Debug|Any CPU
		Release|Any CPU = Release|Any CPU
	EndGlobalSection
	GlobalSection(ProjectConfigurationPlatforms) = postSolution
		{209B5974-B2CD-40B7-B9A5-8FE7939FA3C8}.Debug|Any CPU.ActiveCfg = Debug|Any CPU
		{209B5974-B2CD-40B7-B9A5-8FE7939FA3C8}.Debug|Any CPU.Build.0 = Debug|Any CPU
		{209B5974-B2CD-40B7-B9A5-8FE7939FA3C8}.Release|Any CPU.ActiveCfg = Release|Any CPU
		{209B5974-B2CD-40B7-B9A5-8FE7939FA3C8}.Release|Any CPU.Build.0 = Release|Any CPU
		{689A6FB3-98F2-4E86-9532-CCB1EFEE5392}.Debug|Any CPU.ActiveCfg = Debug|Any CPU
		{689A6FB3-98F2-4E86-9532-CCB1EFEE5392}.Debug|Any CPU.Build.0 = Debug|Any CPU
		{689A6FB3-98F2-4E86-9532-CCB1EFEE5392}.Release|Any CPU.ActiveCfg = Release|Any CPU
		{689A6FB3-98F2-4E86-9532-CCB1EFEE5392}.Release|Any CPU.Build.0 = Release|Any CPU
		{3DF3B7FC-460D-43C3-96D5-8E9808E25AD0}.Debug|Any CPU.ActiveCfg = Debug|Any CPU
		{3DF3B7FC-460D-43C3-96D5-8E9808E25AD0}.Debug|Any CPU.Build.0 = Debug|Any CPU
		{3DF3B7FC-460D-43C3-96D5-8E9808E25AD0}.Release|Any CPU.ActiveCfg = Release|Any CPU
		{3DF3B7FC-460D-43C3-96D5-8E9808E25AD0}.Release|Any CPU.Build.0 = Release|Any CPU
		{B71C09EE-CE3A-4C27-9699-69A54343CD3B}.Debug|Any CPU.ActiveCfg = Debug|Any CPU
		{B71C09EE-CE3A-4C27-9699-69A54343CD3B}.Debug|Any CPU.Build.0 = Debug|Any CPU
		{B71C09EE-CE3A-4C27-9699-69A54343CD3B}.Release|Any CPU.ActiveCfg = Release|Any CPU
		{B71C09EE-CE3A-4C27-9699-69A54343CD3B}.Release|Any CPU.Build.0 = Release|Any CPU
		{FF9991D7-8EE5-474E-84B0-07FE421CDDFB}.Debug|Any CPU.ActiveCfg = Debug|Any CPU
		{FF9991D7-8EE5-474E-84B0-07FE421CDDFB}.Debug|Any CPU.Build.0 = Debug|Any CPU
		{FF9991D7-8EE5-474E-84B0-07FE421CDDFB}.Release|Any CPU.ActiveCfg = Release|Any CPU
		{FF9991D7-8EE5-474E-84B0-07FE421CDDFB}.Release|Any CPU.Build.0 = Release|Any CPU
		{1B1E59E0-8C5A-4A8D-B49F-2CA6A81F74BF}.Debug|Any CPU.ActiveCfg = Debug|Any CPU
		{1B1E59E0-8C5A-4A8D-B49F-2CA6A81F74BF}.Debug|Any CPU.Build.0 = Debug|Any CPU
		{1B1E59E0-8C5A-4A8D-B49F-2CA6A81F74BF}.Release|Any CPU.ActiveCfg = Release|Any CPU
		{1B1E59E0-8C5A-4A8D-B49F-2CA6A81F74BF}.Release|Any CPU.Build.0 = Release|Any CPU
		{72CFD8ED-DFC6-4E9B-9984-44643BF74BA4}.Debug|Any CPU.ActiveCfg = Debug|Any CPU
		{72CFD8ED-DFC6-4E9B-9984-44643BF74BA4}.Debug|Any CPU.Build.0 = Debug|Any CPU
		{72CFD8ED-DFC6-4E9B-9984-44643BF74BA4}.Release|Any CPU.ActiveCfg = Release|Any CPU
		{72CFD8ED-DFC6-4E9B-9984-44643BF74BA4}.Release|Any CPU.Build.0 = Release|Any CPU
		{6A21C180-4E92-425E-AF42-0E4A6B48F5E2}.Debug|Any CPU.ActiveCfg = Debug|Any CPU
		{6A21C180-4E92-425E-AF42-0E4A6B48F5E2}.Debug|Any CPU.Build.0 = Debug|Any CPU
		{6A21C180-4E92-425E-AF42-0E4A6B48F5E2}.Release|Any CPU.ActiveCfg = Release|Any CPU
		{6A21C180-4E92-425E-AF42-0E4A6B48F5E2}.Release|Any CPU.Build.0 = Release|Any CPU
		{5024D001-D6C1-4FBE-A073-B594DE74021D}.Debug|Any CPU.ActiveCfg = Debug|Any CPU
		{5024D001-D6C1-4FBE-A073-B594DE74021D}.Debug|Any CPU.Build.0 = Debug|Any CPU
		{5024D001-D6C1-4FBE-A073-B594DE74021D}.Release|Any CPU.ActiveCfg = Release|Any CPU
		{5024D001-D6C1-4FBE-A073-B594DE74021D}.Release|Any CPU.Build.0 = Release|Any CPU
		{55CDB41F-27DA-48EE-93FB-957BB6ED00F8}.Debug|Any CPU.ActiveCfg = Debug|Any CPU
		{55CDB41F-27DA-48EE-93FB-957BB6ED00F8}.Debug|Any CPU.Build.0 = Debug|Any CPU
		{55CDB41F-27DA-48EE-93FB-957BB6ED00F8}.Release|Any CPU.ActiveCfg = Release|Any CPU
		{55CDB41F-27DA-48EE-93FB-957BB6ED00F8}.Release|Any CPU.Build.0 = Release|Any CPU
		{BD43EF98-2E67-4CB2-8150-002A3FE74B16}.Debug|Any CPU.ActiveCfg = Debug|Any CPU
		{BD43EF98-2E67-4CB2-8150-002A3FE74B16}.Debug|Any CPU.Build.0 = Debug|Any CPU
		{BD43EF98-2E67-4CB2-8150-002A3FE74B16}.Release|Any CPU.ActiveCfg = Release|Any CPU
		{BD43EF98-2E67-4CB2-8150-002A3FE74B16}.Release|Any CPU.Build.0 = Release|Any CPU
		{058EBE8E-3B59-4679-A8CB-F35BC23BA6F3}.Debug|Any CPU.ActiveCfg = Debug|Any CPU
		{058EBE8E-3B59-4679-A8CB-F35BC23BA6F3}.Debug|Any CPU.Build.0 = Debug|Any CPU
		{058EBE8E-3B59-4679-A8CB-F35BC23BA6F3}.Release|Any CPU.ActiveCfg = Release|Any CPU
		{058EBE8E-3B59-4679-A8CB-F35BC23BA6F3}.Release|Any CPU.Build.0 = Release|Any CPU
		{E879529F-6B28-41E3-9812-0D9F72DB2661}.Debug|Any CPU.ActiveCfg = Debug|Any CPU
		{E879529F-6B28-41E3-9812-0D9F72DB2661}.Debug|Any CPU.Build.0 = Debug|Any CPU
		{E879529F-6B28-41E3-9812-0D9F72DB2661}.Release|Any CPU.ActiveCfg = Release|Any CPU
		{E879529F-6B28-41E3-9812-0D9F72DB2661}.Release|Any CPU.Build.0 = Release|Any CPU
		{FB8379BB-C869-4FC6-BE05-7E006B1227E9}.Debug|Any CPU.ActiveCfg = Debug|Any CPU
		{FB8379BB-C869-4FC6-BE05-7E006B1227E9}.Debug|Any CPU.Build.0 = Debug|Any CPU
		{FB8379BB-C869-4FC6-BE05-7E006B1227E9}.Release|Any CPU.ActiveCfg = Release|Any CPU
		{FB8379BB-C869-4FC6-BE05-7E006B1227E9}.Release|Any CPU.Build.0 = Release|Any CPU
		{89BFE66C-9D31-444A-807D-A8385F6F8907}.Debug|Any CPU.ActiveCfg = Debug|Any CPU
		{89BFE66C-9D31-444A-807D-A8385F6F8907}.Debug|Any CPU.Build.0 = Debug|Any CPU
		{89BFE66C-9D31-444A-807D-A8385F6F8907}.Release|Any CPU.ActiveCfg = Release|Any CPU
		{89BFE66C-9D31-444A-807D-A8385F6F8907}.Release|Any CPU.Build.0 = Release|Any CPU
	EndGlobalSection
	GlobalSection(SolutionProperties) = preSolution
		HideSolutionNode = FALSE
	EndGlobalSection
	GlobalSection(NestedProjects) = preSolution
		{209B5974-B2CD-40B7-B9A5-8FE7939FA3C8} = {4E015F21-C70D-45E9-82E4-3FA243033514}
		{689A6FB3-98F2-4E86-9532-CCB1EFEE5392} = {4E015F21-C70D-45E9-82E4-3FA243033514}
		{3DF3B7FC-460D-43C3-96D5-8E9808E25AD0} = {4E015F21-C70D-45E9-82E4-3FA243033514}
		{B71C09EE-CE3A-4C27-9699-69A54343CD3B} = {879ABCFB-FCDD-46BC-A8BE-668F6C9E666D}
		{FF9991D7-8EE5-474E-84B0-07FE421CDDFB} = {879ABCFB-FCDD-46BC-A8BE-668F6C9E666D}
		{1B1E59E0-8C5A-4A8D-B49F-2CA6A81F74BF} = {879ABCFB-FCDD-46BC-A8BE-668F6C9E666D}
		{72CFD8ED-DFC6-4E9B-9984-44643BF74BA4} = {6074EE72-C1CA-4E15-A945-5E214E1FC3BA}
		{6A21C180-4E92-425E-AF42-0E4A6B48F5E2} = {6074EE72-C1CA-4E15-A945-5E214E1FC3BA}
		{5024D001-D6C1-4FBE-A073-B594DE74021D} = {6074EE72-C1CA-4E15-A945-5E214E1FC3BA}
		{55CDB41F-27DA-48EE-93FB-957BB6ED00F8} = {B2D1472A-7668-498A-A416-0B4CBD7907E7}
		{BD43EF98-2E67-4CB2-8150-002A3FE74B16} = {B2D1472A-7668-498A-A416-0B4CBD7907E7}
		{058EBE8E-3B59-4679-A8CB-F35BC23BA6F3} = {B2D1472A-7668-498A-A416-0B4CBD7907E7}
		{E879529F-6B28-41E3-9812-0D9F72DB2661} = {FA9B20F2-B37C-4BDD-850E-71A7C589FCC8}
		{FB8379BB-C869-4FC6-BE05-7E006B1227E9} = {FA9B20F2-B37C-4BDD-850E-71A7C589FCC8}
		{89BFE66C-9D31-444A-807D-A8385F6F8907} = {FA9B20F2-B37C-4BDD-850E-71A7C589FCC8}
	EndGlobalSection
	GlobalSection(ExtensibilityGlobals) = postSolution
		SolutionGuid = {9321BFDC-FB45-4103-B77B-C6E36B700138}
	EndGlobalSection
EndGlobal
